
Microsoft Visual Studio Solution File, Format Version 12.00
# Visual Studio 15
VisualStudioVersion = 15.0.27703.2026
MinimumVisualStudioVersion = 10.0.40219.1
Project("{FAE04EC0-301F-11D3-BF4B-00C04F79EFBC}") = "Minesweeper.Ui", "Minesweeper.Ui\Minesweeper.Ui.csproj", "{DF610DDF-9BB2-4B7C-8302-60FCEE918ED1}"
EndProject
Global
	GlobalSection(SolutionConfigurationPlatforms) = preSolution
		Debug|Any CPU = Debug|Any CPU
		Release|Any CPU = Release|Any CPU
	EndGlobalSection
	GlobalSection(ProjectConfigurationPlatforms) = postSolution
		{DF610DDF-9BB2-4B7C-8302-60FCEE918ED1}.Debug|Any CPU.ActiveCfg = Debug|Any CPU
		{DF610DDF-9BB2-4B7C-8302-60FCEE918ED1}.Debug|Any CPU.Build.0 = Debug|Any CPU
		{DF610DDF-9BB2-4B7C-8302-60FCEE918ED1}.Release|Any CPU.ActiveCfg = Release|Any CPU
		{DF610DDF-9BB2-4B7C-8302-60FCEE918ED1}.Release|Any CPU.Build.0 = Release|Any CPU
	EndGlobalSection
	GlobalSection(SolutionProperties) = preSolution
		HideSolutionNode = FALSE
	EndGlobalSection
	GlobalSection(ExtensibilityGlobals) = postSolution
		SolutionGuid = {6E7F4BB8-60B5-4FD6-A0D3-C68948679E2D}
	EndGlobalSection
EndGlobal
