
Microsoft Visual Studio Solution File, Format Version 12.00
# Visual Studio Version 16
VisualStudioVersion = 16.0.28803.352
MinimumVisualStudioVersion = 10.0.40219.1
Project("{FAE04EC0-301F-11D3-BF4B-00C04F79EFBC}") = "Minesweeper.Ui", "Minesweeper.Ui\Minesweeper.Ui.csproj", "{DF610DDF-9BB2-4B7C-8302-60FCEE918ED1}"
EndProject
Project("{FAE04EC0-301F-11D3-BF4B-00C04F79EFBC}") = "Minesweeper.Engine", "Minesweeper.Engine\Minesweeper.Engine.csproj", "{24298BA6-D085-4184-B376-5BF2E264099A}"
EndProject
Project("{FAE04EC0-301F-11D3-BF4B-00C04F79EFBC}") = "Minesweeper.Models", "Minesweeper.Models\Minesweeper.Models.csproj", "{F03894A8-7EA4-4800-9A60-BCA901EE9432}"
EndProject
Project("{FAE04EC0-301F-11D3-BF4B-00C04F79EFBC}") = "Minesweeper.Infrastructure", "Minesweeper.Infrastructure\Minesweeper.Infrastructure.csproj", "{69C5991B-E126-4E7A-98D4-7C98E3A13AD0}"
EndProject
Project("{54435603-DBB4-11D2-8724-00A0C9A8B90C}") = "Minesweeper.SetupWizzard", "Minesweeper.SetupWizzard\Minesweeper.SetupWizzard.vdproj", "{EDC0AD6B-A072-4689-BFCC-13D10AF263CB}"
EndProject
Global
	GlobalSection(SolutionConfigurationPlatforms) = preSolution
		Debug|Any CPU = Debug|Any CPU
		Release|Any CPU = Release|Any CPU
	EndGlobalSection
	GlobalSection(ProjectConfigurationPlatforms) = postSolution
		{DF610DDF-9BB2-4B7C-8302-60FCEE918ED1}.Debug|Any CPU.ActiveCfg = Debug|Any CPU
		{DF610DDF-9BB2-4B7C-8302-60FCEE918ED1}.Debug|Any CPU.Build.0 = Debug|Any CPU
		{DF610DDF-9BB2-4B7C-8302-60FCEE918ED1}.Release|Any CPU.ActiveCfg = Release|Any CPU
		{DF610DDF-9BB2-4B7C-8302-60FCEE918ED1}.Release|Any CPU.Build.0 = Release|Any CPU
		{24298BA6-D085-4184-B376-5BF2E264099A}.Debug|Any CPU.ActiveCfg = Debug|Any CPU
		{24298BA6-D085-4184-B376-5BF2E264099A}.Debug|Any CPU.Build.0 = Debug|Any CPU
		{24298BA6-D085-4184-B376-5BF2E264099A}.Release|Any CPU.ActiveCfg = Release|Any CPU
		{24298BA6-D085-4184-B376-5BF2E264099A}.Release|Any CPU.Build.0 = Release|Any CPU
		{F03894A8-7EA4-4800-9A60-BCA901EE9432}.Debug|Any CPU.ActiveCfg = Debug|Any CPU
		{F03894A8-7EA4-4800-9A60-BCA901EE9432}.Debug|Any CPU.Build.0 = Debug|Any CPU
		{F03894A8-7EA4-4800-9A60-BCA901EE9432}.Release|Any CPU.ActiveCfg = Release|Any CPU
		{F03894A8-7EA4-4800-9A60-BCA901EE9432}.Release|Any CPU.Build.0 = Release|Any CPU
		{69C5991B-E126-4E7A-98D4-7C98E3A13AD0}.Debug|Any CPU.ActiveCfg = Debug|Any CPU
		{69C5991B-E126-4E7A-98D4-7C98E3A13AD0}.Debug|Any CPU.Build.0 = Debug|Any CPU
		{69C5991B-E126-4E7A-98D4-7C98E3A13AD0}.Release|Any CPU.ActiveCfg = Release|Any CPU
		{69C5991B-E126-4E7A-98D4-7C98E3A13AD0}.Release|Any CPU.Build.0 = Release|Any CPU
		{EDC0AD6B-A072-4689-BFCC-13D10AF263CB}.Debug|Any CPU.ActiveCfg = Debug
		{EDC0AD6B-A072-4689-BFCC-13D10AF263CB}.Release|Any CPU.ActiveCfg = Release
	EndGlobalSection
	GlobalSection(SolutionProperties) = preSolution
		HideSolutionNode = FALSE
	EndGlobalSection
	GlobalSection(ExtensibilityGlobals) = postSolution
		SolutionGuid = {6E7F4BB8-60B5-4FD6-A0D3-C68948679E2D}
	EndGlobalSection
EndGlobal
